
Microsoft Visual Studio Solution File, Format Version 12.00
# Visual Studio Version 17
VisualStudioVersion = 17.0.31903.59
MinimumVisualStudioVersion = 10.0.40219.1
Project("{2150E333-8FDC-42A3-9474-1A3956D46DE8}") = "src", "src", "{827E0CD3-B72D-47B6-A68D-7590B98EB39B}"
EndProject
Project("{FAE04EC0-301F-11D3-BF4B-00C04F79EFBC}") = "Dotnetfinal", "src\Dotnetfinal\Dotnetfinal.csproj", "{F9E5BD1A-297D-47F0-B3D0-D1B5C325EA1E}"
EndProject
Project("{FAE04EC0-301F-11D3-BF4B-00C04F79EFBC}") = "Dotnetfinal.Test", "test\Dotnetfinal.Test\Dotnetfinal.Test.csproj", "{63EBD6F5-31A0-4420-A1A4-4ACF122D58E1}"
EndProject
Project("{FAE04EC0-301F-11D3-BF4B-00C04F79EFBC}") = "Dotnetfinal.Crosscutting", "src\Dotnetfinal.Crosscutting\Dotnetfinal.Crosscutting.csproj", "{CD3F63CE-058B-4A2B-9949-3108B0967306}"
EndProject
Project("{FAE04EC0-301F-11D3-BF4B-00C04F79EFBC}") = "Dotnetfinal.Domain", "src\Dotnetfinal.Domain\Dotnetfinal.Domain.csproj", "{0CB967CD-3E37-4C7C-9A5F-AB1C15EE3884}"
EndProject
Project("{FAE04EC0-301F-11D3-BF4B-00C04F79EFBC}") = "Dotnetfinal.Dto", "src\Dotnetfinal.Dto\Dotnetfinal.Dto.csproj", "{7C2D5C55-4B98-475E-8241-47DCB25D07EF}"
EndProject
Project("{FAE04EC0-301F-11D3-BF4B-00C04F79EFBC}") = "Dotnetfinal.Domain.Services", "src\Dotnetfinal.Domain.Services\Dotnetfinal.Domain.Services.csproj", "{3F008450-8F2D-4FAF-AECF-C447F4936E2F}"
EndProject
Project("{FAE04EC0-301F-11D3-BF4B-00C04F79EFBC}") = "Dotnetfinal.Infrastructure", "src\Dotnetfinal.Infrastructure\Dotnetfinal.Infrastructure.csproj", "{765BE306-D90C-4825-B60E-8D289B77CC37}"
EndProject
Project("{FAE04EC0-301F-11D3-BF4B-00C04F79EFBC}") = "Dotnetfinal.Application", "src\Dotnetfinal.Application\Dotnetfinal.Application.csproj", "{567C1AEA-CCE1-459E-BD8A-40B5FA122201}"
EndProject
Global
	GlobalSection(SolutionConfigurationPlatforms) = preSolution
		Debug|Any CPU = Debug|Any CPU
		Debug|x64 = Debug|x64
		Debug|x86 = Debug|x86
		Release|Any CPU = Release|Any CPU
		Release|x64 = Release|x64
		Release|x86 = Release|x86
	EndGlobalSection
	GlobalSection(ProjectConfigurationPlatforms) = postSolution
		{F9E5BD1A-297D-47F0-B3D0-D1B5C325EA1E}.Debug|Any CPU.ActiveCfg = Debug|Any CPU
		{F9E5BD1A-297D-47F0-B3D0-D1B5C325EA1E}.Debug|Any CPU.Build.0 = Debug|Any CPU
		{F9E5BD1A-297D-47F0-B3D0-D1B5C325EA1E}.Debug|x64.ActiveCfg = Debug|Any CPU
		{F9E5BD1A-297D-47F0-B3D0-D1B5C325EA1E}.Debug|x64.Build.0 = Debug|Any CPU
		{F9E5BD1A-297D-47F0-B3D0-D1B5C325EA1E}.Debug|x86.ActiveCfg = Debug|Any CPU
		{F9E5BD1A-297D-47F0-B3D0-D1B5C325EA1E}.Debug|x86.Build.0 = Debug|Any CPU
		{F9E5BD1A-297D-47F0-B3D0-D1B5C325EA1E}.Release|Any CPU.ActiveCfg = Release|Any CPU
		{F9E5BD1A-297D-47F0-B3D0-D1B5C325EA1E}.Release|Any CPU.Build.0 = Release|Any CPU
		{F9E5BD1A-297D-47F0-B3D0-D1B5C325EA1E}.Release|x64.ActiveCfg = Release|Any CPU
		{F9E5BD1A-297D-47F0-B3D0-D1B5C325EA1E}.Release|x64.Build.0 = Release|Any CPU
		{F9E5BD1A-297D-47F0-B3D0-D1B5C325EA1E}.Release|x86.ActiveCfg = Release|Any CPU
		{F9E5BD1A-297D-47F0-B3D0-D1B5C325EA1E}.Release|x86.Build.0 = Release|Any CPU
		{63EBD6F5-31A0-4420-A1A4-4ACF122D58E1}.Debug|Any CPU.ActiveCfg = Debug|Any CPU
		{63EBD6F5-31A0-4420-A1A4-4ACF122D58E1}.Debug|Any CPU.Build.0 = Debug|Any CPU
		{63EBD6F5-31A0-4420-A1A4-4ACF122D58E1}.Debug|x64.ActiveCfg = Debug|Any CPU
		{63EBD6F5-31A0-4420-A1A4-4ACF122D58E1}.Debug|x64.Build.0 = Debug|Any CPU
		{63EBD6F5-31A0-4420-A1A4-4ACF122D58E1}.Debug|x86.ActiveCfg = Debug|Any CPU
		{63EBD6F5-31A0-4420-A1A4-4ACF122D58E1}.Debug|x86.Build.0 = Debug|Any CPU
		{63EBD6F5-31A0-4420-A1A4-4ACF122D58E1}.Release|Any CPU.ActiveCfg = Release|Any CPU
		{63EBD6F5-31A0-4420-A1A4-4ACF122D58E1}.Release|Any CPU.Build.0 = Release|Any CPU
		{63EBD6F5-31A0-4420-A1A4-4ACF122D58E1}.Release|x64.ActiveCfg = Release|Any CPU
		{63EBD6F5-31A0-4420-A1A4-4ACF122D58E1}.Release|x64.Build.0 = Release|Any CPU
		{63EBD6F5-31A0-4420-A1A4-4ACF122D58E1}.Release|x86.ActiveCfg = Release|Any CPU
		{63EBD6F5-31A0-4420-A1A4-4ACF122D58E1}.Release|x86.Build.0 = Release|Any CPU
		{CD3F63CE-058B-4A2B-9949-3108B0967306}.Debug|Any CPU.ActiveCfg = Debug|Any CPU
		{CD3F63CE-058B-4A2B-9949-3108B0967306}.Debug|Any CPU.Build.0 = Debug|Any CPU
		{CD3F63CE-058B-4A2B-9949-3108B0967306}.Debug|x64.ActiveCfg = Debug|Any CPU
		{CD3F63CE-058B-4A2B-9949-3108B0967306}.Debug|x64.Build.0 = Debug|Any CPU
		{CD3F63CE-058B-4A2B-9949-3108B0967306}.Debug|x86.ActiveCfg = Debug|Any CPU
		{CD3F63CE-058B-4A2B-9949-3108B0967306}.Debug|x86.Build.0 = Debug|Any CPU
		{CD3F63CE-058B-4A2B-9949-3108B0967306}.Release|Any CPU.ActiveCfg = Release|Any CPU
		{CD3F63CE-058B-4A2B-9949-3108B0967306}.Release|Any CPU.Build.0 = Release|Any CPU
		{CD3F63CE-058B-4A2B-9949-3108B0967306}.Release|x64.ActiveCfg = Release|Any CPU
		{CD3F63CE-058B-4A2B-9949-3108B0967306}.Release|x64.Build.0 = Release|Any CPU
		{CD3F63CE-058B-4A2B-9949-3108B0967306}.Release|x86.ActiveCfg = Release|Any CPU
		{CD3F63CE-058B-4A2B-9949-3108B0967306}.Release|x86.Build.0 = Release|Any CPU
		{0CB967CD-3E37-4C7C-9A5F-AB1C15EE3884}.Debug|Any CPU.ActiveCfg = Debug|Any CPU
		{0CB967CD-3E37-4C7C-9A5F-AB1C15EE3884}.Debug|Any CPU.Build.0 = Debug|Any CPU
		{0CB967CD-3E37-4C7C-9A5F-AB1C15EE3884}.Debug|x64.ActiveCfg = Debug|Any CPU
		{0CB967CD-3E37-4C7C-9A5F-AB1C15EE3884}.Debug|x64.Build.0 = Debug|Any CPU
		{0CB967CD-3E37-4C7C-9A5F-AB1C15EE3884}.Debug|x86.ActiveCfg = Debug|Any CPU
		{0CB967CD-3E37-4C7C-9A5F-AB1C15EE3884}.Debug|x86.Build.0 = Debug|Any CPU
		{0CB967CD-3E37-4C7C-9A5F-AB1C15EE3884}.Release|Any CPU.ActiveCfg = Release|Any CPU
		{0CB967CD-3E37-4C7C-9A5F-AB1C15EE3884}.Release|Any CPU.Build.0 = Release|Any CPU
		{0CB967CD-3E37-4C7C-9A5F-AB1C15EE3884}.Release|x64.ActiveCfg = Release|Any CPU
		{0CB967CD-3E37-4C7C-9A5F-AB1C15EE3884}.Release|x64.Build.0 = Release|Any CPU
		{0CB967CD-3E37-4C7C-9A5F-AB1C15EE3884}.Release|x86.ActiveCfg = Release|Any CPU
		{0CB967CD-3E37-4C7C-9A5F-AB1C15EE3884}.Release|x86.Build.0 = Release|Any CPU
		{7C2D5C55-4B98-475E-8241-47DCB25D07EF}.Debug|Any CPU.ActiveCfg = Debug|Any CPU
		{7C2D5C55-4B98-475E-8241-47DCB25D07EF}.Debug|Any CPU.Build.0 = Debug|Any CPU
		{7C2D5C55-4B98-475E-8241-47DCB25D07EF}.Debug|x64.ActiveCfg = Debug|Any CPU
		{7C2D5C55-4B98-475E-8241-47DCB25D07EF}.Debug|x64.Build.0 = Debug|Any CPU
		{7C2D5C55-4B98-475E-8241-47DCB25D07EF}.Debug|x86.ActiveCfg = Debug|Any CPU
		{7C2D5C55-4B98-475E-8241-47DCB25D07EF}.Debug|x86.Build.0 = Debug|Any CPU
		{7C2D5C55-4B98-475E-8241-47DCB25D07EF}.Release|Any CPU.ActiveCfg = Release|Any CPU
		{7C2D5C55-4B98-475E-8241-47DCB25D07EF}.Release|Any CPU.Build.0 = Release|Any CPU
		{7C2D5C55-4B98-475E-8241-47DCB25D07EF}.Release|x64.ActiveCfg = Release|Any CPU
		{7C2D5C55-4B98-475E-8241-47DCB25D07EF}.Release|x64.Build.0 = Release|Any CPU
		{7C2D5C55-4B98-475E-8241-47DCB25D07EF}.Release|x86.ActiveCfg = Release|Any CPU
		{7C2D5C55-4B98-475E-8241-47DCB25D07EF}.Release|x86.Build.0 = Release|Any CPU
		{3F008450-8F2D-4FAF-AECF-C447F4936E2F}.Debug|Any CPU.ActiveCfg = Debug|Any CPU
		{3F008450-8F2D-4FAF-AECF-C447F4936E2F}.Debug|Any CPU.Build.0 = Debug|Any CPU
		{3F008450-8F2D-4FAF-AECF-C447F4936E2F}.Debug|x64.ActiveCfg = Debug|Any CPU
		{3F008450-8F2D-4FAF-AECF-C447F4936E2F}.Debug|x64.Build.0 = Debug|Any CPU
		{3F008450-8F2D-4FAF-AECF-C447F4936E2F}.Debug|x86.ActiveCfg = Debug|Any CPU
		{3F008450-8F2D-4FAF-AECF-C447F4936E2F}.Debug|x86.Build.0 = Debug|Any CPU
		{3F008450-8F2D-4FAF-AECF-C447F4936E2F}.Release|Any CPU.ActiveCfg = Release|Any CPU
		{3F008450-8F2D-4FAF-AECF-C447F4936E2F}.Release|Any CPU.Build.0 = Release|Any CPU
		{3F008450-8F2D-4FAF-AECF-C447F4936E2F}.Release|x64.ActiveCfg = Release|Any CPU
		{3F008450-8F2D-4FAF-AECF-C447F4936E2F}.Release|x64.Build.0 = Release|Any CPU
		{3F008450-8F2D-4FAF-AECF-C447F4936E2F}.Release|x86.ActiveCfg = Release|Any CPU
		{3F008450-8F2D-4FAF-AECF-C447F4936E2F}.Release|x86.Build.0 = Release|Any CPU
		{765BE306-D90C-4825-B60E-8D289B77CC37}.Debug|Any CPU.ActiveCfg = Debug|Any CPU
		{765BE306-D90C-4825-B60E-8D289B77CC37}.Debug|Any CPU.Build.0 = Debug|Any CPU
		{765BE306-D90C-4825-B60E-8D289B77CC37}.Debug|x64.ActiveCfg = Debug|Any CPU
		{765BE306-D90C-4825-B60E-8D289B77CC37}.Debug|x64.Build.0 = Debug|Any CPU
		{765BE306-D90C-4825-B60E-8D289B77CC37}.Debug|x86.ActiveCfg = Debug|Any CPU
		{765BE306-D90C-4825-B60E-8D289B77CC37}.Debug|x86.Build.0 = Debug|Any CPU
		{765BE306-D90C-4825-B60E-8D289B77CC37}.Release|Any CPU.ActiveCfg = Release|Any CPU
		{765BE306-D90C-4825-B60E-8D289B77CC37}.Release|Any CPU.Build.0 = Release|Any CPU
		{765BE306-D90C-4825-B60E-8D289B77CC37}.Release|x64.ActiveCfg = Release|Any CPU
		{765BE306-D90C-4825-B60E-8D289B77CC37}.Release|x64.Build.0 = Release|Any CPU
		{765BE306-D90C-4825-B60E-8D289B77CC37}.Release|x86.ActiveCfg = Release|Any CPU
		{765BE306-D90C-4825-B60E-8D289B77CC37}.Release|x86.Build.0 = Release|Any CPU
		{567C1AEA-CCE1-459E-BD8A-40B5FA122201}.Debug|Any CPU.ActiveCfg = Debug|Any CPU
		{567C1AEA-CCE1-459E-BD8A-40B5FA122201}.Debug|Any CPU.Build.0 = Debug|Any CPU
		{567C1AEA-CCE1-459E-BD8A-40B5FA122201}.Debug|x64.ActiveCfg = Debug|Any CPU
		{567C1AEA-CCE1-459E-BD8A-40B5FA122201}.Debug|x64.Build.0 = Debug|Any CPU
		{567C1AEA-CCE1-459E-BD8A-40B5FA122201}.Debug|x86.ActiveCfg = Debug|Any CPU
		{567C1AEA-CCE1-459E-BD8A-40B5FA122201}.Debug|x86.Build.0 = Debug|Any CPU
		{567C1AEA-CCE1-459E-BD8A-40B5FA122201}.Release|Any CPU.ActiveCfg = Release|Any CPU
		{567C1AEA-CCE1-459E-BD8A-40B5FA122201}.Release|Any CPU.Build.0 = Release|Any CPU
		{567C1AEA-CCE1-459E-BD8A-40B5FA122201}.Release|x64.ActiveCfg = Release|Any CPU
		{567C1AEA-CCE1-459E-BD8A-40B5FA122201}.Release|x64.Build.0 = Release|Any CPU
		{567C1AEA-CCE1-459E-BD8A-40B5FA122201}.Release|x86.ActiveCfg = Release|Any CPU
		{567C1AEA-CCE1-459E-BD8A-40B5FA122201}.Release|x86.Build.0 = Release|Any CPU
	EndGlobalSection
	GlobalSection(SolutionProperties) = preSolution
		HideSolutionNode = FALSE
	EndGlobalSection
	GlobalSection(NestedProjects) = preSolution
		{F9E5BD1A-297D-47F0-B3D0-D1B5C325EA1E} = {827E0CD3-B72D-47B6-A68D-7590B98EB39B}
		{63EBD6F5-31A0-4420-A1A4-4ACF122D58E1} = {827E0CD3-B72D-47B6-A68D-7590B98EB39B}
		{CD3F63CE-058B-4A2B-9949-3108B0967306} = {827E0CD3-B72D-47B6-A68D-7590B98EB39B}
		{0CB967CD-3E37-4C7C-9A5F-AB1C15EE3884} = {827E0CD3-B72D-47B6-A68D-7590B98EB39B}
		{7C2D5C55-4B98-475E-8241-47DCB25D07EF} = {827E0CD3-B72D-47B6-A68D-7590B98EB39B}
		{3F008450-8F2D-4FAF-AECF-C447F4936E2F} = {827E0CD3-B72D-47B6-A68D-7590B98EB39B}
		{765BE306-D90C-4825-B60E-8D289B77CC37} = {827E0CD3-B72D-47B6-A68D-7590B98EB39B}
		{567C1AEA-CCE1-459E-BD8A-40B5FA122201} = {827E0CD3-B72D-47B6-A68D-7590B98EB39B}
	EndGlobalSection
EndGlobal
